{
  "originHash" : "0d6ed6b428ab7d8c2316fef2d4d4e2967db10de8e501d4a2d8258f421ead6593",
  "pins" : [
    {
      "identity" : "fluidaudio",
      "kind" : "remoteSourceControl",
      "location" : "https://github.com/FluidInference/FluidAudio.git",
      "state" : {
        "revision" : "ce59fb14b8b8978b196f6a34282e20ea6762d164",
        "version" : "0.14.5"
      }
    },
    {
      "identity" : "llm.swift",
      "kind" : "remoteSourceControl",
      "location" : "https://github.com/obra/LLM.swift.git",
      "state" : {
        "branch" : "main",
        "revision" : "c2144e1a0e29c280ec6080b7da85e876d51f8509"
      }
    },
    {
      "identity" : "ogg-swift",
      "kind" : "remoteSourceControl",
      "location" : "https://github.com/vector-im/ogg-swift.git",
      "state" : {
        "revision" : "9d82ed838404f10b607a1a1689f404563e9115c3",
        "version" : "0.8.3"
      }
    },
    {
      "identity" : "opus-swift",
      "kind" : "remoteSourceControl",
      "location" : "https://github.com/vector-im/opus-swift",
      "state" : {
        "revision" : "11f1887767cbc87c4b64b789ee830b779cc744cb",
        "version" : "0.8.4"
      }
    },
    {
      "identity" : "sentry-cocoa",
      "kind" : "remoteSourceControl",
      "location" : "https://github.com/getsentry/sentry-cocoa",
      "state" : {
        "revision" : "05d3ce8332097ff0b2347231ac66476fd7d2f4d8",
        "version" : "9.8.0"
      }
    },
    {
      "identity" : "sparkle",
      "kind" : "remoteSourceControl",
      "location" : "https://github.com/sparkle-project/Sparkle",
      "state" : {
        "revision" : "21d8df80440b1ca3b65fa82e40782f1e5a9e6ba2",
        "version" : "2.9.0"
      }
    },
    {
      "identity" : "swift-argument-parser",
      "kind" : "remoteSourceControl",
      "location" : "https://github.com/apple/swift-argument-parser.git",
      "state" : {
        "revision" : "626b5b7b2f45e1b0b1c6f4a309296d1d21d7311b",
        "version" : "1.7.1"
      }
    },
    {
      "identity" : "swift-asn1",
      "kind" : "remoteSourceControl",
      "location" : "https://github.com/apple/swift-asn1.git",
      "state" : {
        "revision" : "eb50cbd14606a9161cbc5d452f18797c90ef0bab",
        "version" : "1.7.0"
      }
    },
    {
      "identity" : "swift-collections",
      "kind" : "remoteSourceControl",
      "location" : "https://github.com/apple/swift-collections.git",
      "state" : {
        "revision" : "03cc312c2c933ed87abace34044a5dff7a3117c1",
        "version" : "1.5.0"
      }
    },
    {
      "identity" : "swift-crypto",
      "kind" : "remoteSourceControl",
      "location" : "https://github.com/apple/swift-crypto.git",
      "state" : {
        "revision" : "1b6b2e274e85105bfa155183145a1dcfd63331f1",
        "version" : "4.5.0"
      }
    },
    {
      "identity" : "swift-jinja",
      "kind" : "remoteSourceControl",
      "location" : "https://github.com/huggingface/swift-jinja.git",
      "state" : {
        "revision" : "0aeefadec459ce8e11a333769950fb86183aca43",
        "version" : "2.3.5"
      }
    },
    {
      "identity" : "swift-ogg",
      "kind" : "remoteSourceControl",
      "location" : "https://github.com/element-hq/swift-ogg",
      "state" : {
        "revision" : "a00a22b90f6230d2d3a75a18adef97a3603d9d28",
        "version" : "0.0.4"
      }
    },
    {
      "identity" : "swift-syntax",
      "kind" : "remoteSourceControl",
      "location" : "https://github.com/apple/swift-syntax.git",
      "state" : {
        "revision" : "4799286537280063c85a32f09884cfbca301b1a1",
        "version" : "602.0.0"
      }
    },
    {
      "identity" : "swift-transformers",
      "kind" : "remoteSourceControl",
      "location" : "https://github.com/huggingface/swift-transformers.git",
      "state" : {
        "revision" : "150169bfba0889c229a2ce7494cf8949f18e6906",
        "version" : "1.1.9"
      }
    },
    {
      "identity" : "swiftsdk",
      "kind" : "remoteSourceControl",
      "location" : "https://github.com/TelemetryDeck/SwiftSDK",
      "state" : {
        "revision" : "d41d6e86265dc182ba4474f9ef53ecddbbe052b8",
        "version" : "2.12.0"
      }
    },
    {
      "identity" : "whisperkit",
      "kind" : "remoteSourceControl",
      "location" : "https://github.com/argmaxinc/WhisperKit.git",
      "state" : {
        "revision" : "e2adabbe7d98dc4d0ab9a5b75424ecc42a9cdbef",
        "version" : "0.18.0"
      }
    },
    {
      "identity" : "yyjson",
      "kind" : "remoteSourceControl",
      "location" : "https://github.com/ibireme/yyjson.git",
      "state" : {
        "revision" : "8b4a38dc994a110abaec8a400615567bd996105f",
        "version" : "0.12.0"
      }
    }
  ],
  "version" : 3
}
